{
  "name": "@dschulmeis/ls-plugin-extra-tags",
  "version": "3.4.1",
  "lockfileVersion": 3,
  "requires": true,
  "packages": {
    "": {
      "name": "@dschulmeis/ls-plugin-extra-tags",
      "version": "3.4.1",
      "license": "BSD-2-Clause",
      "dependencies": {
        "@dschulmeis/ls-utils": "^1.3.0"
      }
    },
    "node_modules/@dschulmeis/ls-utils": {
      "version": "1.3.0",
      "resolved": "https://registry.npmjs.org/@dschulmeis/ls-utils/-/ls-utils-1.3.0.tgz",
      "integrity": "sha512-mmAND3zP6JF9yPzCnLxraRDDpeKthDWAOJnazva5HECXJuNIX+unNKQbiTAwMmUjeNXibN0Dh8kUiiX6k0auGw=="
    }
  }
}
